
Microsoft Visual Studio Solution File, Format Version 12.00
# Visual Studio 2013
VisualStudioVersion = 12.0.31101.0
MinimumVisualStudioVersion = 10.0.40219.1
Project("{8BC9CEB8-8B4A-11D0-8D11-00A0C91BC942}") = "DAY1", "DAY1\DAY1.vcxproj", "{7B0A739D-2557-4A88-95D4-69297B8574E9}"
EndProject
Project("{8BC9CEB8-8B4A-11D0-8D11-00A0C91BC942}") = "DAY2", "DAY2\DAY2.vcxproj", "{CAB13A96-04D0-44E1-96AC-2054C68A4568}"
EndProject
Project("{8BC9CEB8-8B4A-11D0-8D11-00A0C91BC942}") = "DAY3", "DAY3\DAY3.vcxproj", "{2D5A0625-7CA4-48A8-B1DA-43F1979610DF}"
EndProject
Project("{8BC9CEB8-8B4A-11D0-8D11-00A0C91BC942}") = "DAY4", "DAY4\DAY4.vcxproj", "{31416B75-8895-4C03-B18C-3134C9C5CDEE}"
EndProject
Project("{8BC9CEB8-8B4A-11D0-8D11-00A0C91BC942}") = "DAY5", "DAY5\DAY5.vcxproj", "{FF54A447-84DE-4BD8-A113-B52D516D6A65}"
EndProject
Global
	GlobalSection(SolutionConfigurationPlatforms) = preSolution
		Debug|Any CPU = Debug|Any CPU
		Debug|Mixed Platforms = Debug|Mixed Platforms
		Debug|Win32 = Debug|Win32
		Release|Any CPU = Release|Any CPU
		Release|Mixed Platforms = Release|Mixed Platforms
		Release|Win32 = Release|Win32
	EndGlobalSection
	GlobalSection(ProjectConfigurationPlatforms) = postSolution
		{7B0A739D-2557-4A88-95D4-69297B8574E9}.Debug|Any CPU.ActiveCfg = Debug|Win32
		{7B0A739D-2557-4A88-95D4-69297B8574E9}.Debug|Mixed Platforms.ActiveCfg = Debug|Win32
		{7B0A739D-2557-4A88-95D4-69297B8574E9}.Debug|Mixed Platforms.Build.0 = Debug|Win32
		{7B0A739D-2557-4A88-95D4-69297B8574E9}.Debug|Win32.ActiveCfg = Debug|Win32
		{7B0A739D-2557-4A88-95D4-69297B8574E9}.Debug|Win32.Build.0 = Debug|Win32
		{7B0A739D-2557-4A88-95D4-69297B8574E9}.Release|Any CPU.ActiveCfg = Release|Win32
		{7B0A739D-2557-4A88-95D4-69297B8574E9}.Release|Mixed Platforms.ActiveCfg = Release|Win32
		{7B0A739D-2557-4A88-95D4-69297B8574E9}.Release|Mixed Platforms.Build.0 = Release|Win32
		{7B0A739D-2557-4A88-95D4-69297B8574E9}.Release|Win32.ActiveCfg = Release|Win32
		{7B0A739D-2557-4A88-95D4-69297B8574E9}.Release|Win32.Build.0 = Release|Win32
		{CAB13A96-04D0-44E1-96AC-2054C68A4568}.Debug|Any CPU.ActiveCfg = Debug|Win32
		{CAB13A96-04D0-44E1-96AC-2054C68A4568}.Debug|Mixed Platforms.ActiveCfg = Debug|Win32
		{CAB13A96-04D0-44E1-96AC-2054C68A4568}.Debug|Mixed Platforms.Build.0 = Debug|Win32
		{CAB13A96-04D0-44E1-96AC-2054C68A4568}.Debug|Win32.ActiveCfg = Debug|Win32
		{CAB13A96-04D0-44E1-96AC-2054C68A4568}.Debug|Win32.Build.0 = Debug|Win32
		{CAB13A96-04D0-44E1-96AC-2054C68A4568}.Release|Any CPU.ActiveCfg = Release|Win32
		{CAB13A96-04D0-44E1-96AC-2054C68A4568}.Release|Mixed Platforms.ActiveCfg = Release|Win32
		{CAB13A96-04D0-44E1-96AC-2054C68A4568}.Release|Mixed Platforms.Build.0 = Release|Win32
		{CAB13A96-04D0-44E1-96AC-2054C68A4568}.Release|Win32.ActiveCfg = Release|Win32
		{CAB13A96-04D0-44E1-96AC-2054C68A4568}.Release|Win32.Build.0 = Release|Win32
		{2D5A0625-7CA4-48A8-B1DA-43F1979610DF}.Debug|Any CPU.ActiveCfg = Debug|Win32
		{2D5A0625-7CA4-48A8-B1DA-43F1979610DF}.Debug|Mixed Platforms.ActiveCfg = Debug|Win32
		{2D5A0625-7CA4-48A8-B1DA-43F1979610DF}.Debug|Mixed Platforms.Build.0 = Debug|Win32
		{2D5A0625-7CA4-48A8-B1DA-43F1979610DF}.Debug|Win32.ActiveCfg = Debug|Win32
		{2D5A0625-7CA4-48A8-B1DA-43F1979610DF}.Debug|Win32.Build.0 = Debug|Win32
		{2D5A0625-7CA4-48A8-B1DA-43F1979610DF}.Release|Any CPU.ActiveCfg = Release|Win32
		{2D5A0625-7CA4-48A8-B1DA-43F1979610DF}.Release|Mixed Platforms.ActiveCfg = Release|Win32
		{2D5A0625-7CA4-48A8-B1DA-43F1979610DF}.Release|Mixed Platforms.Build.0 = Release|Win32
		{2D5A0625-7CA4-48A8-B1DA-43F1979610DF}.Release|Win32.ActiveCfg = Release|Win32
		{2D5A0625-7CA4-48A8-B1DA-43F1979610DF}.Release|Win32.Build.0 = Release|Win32
		{31416B75-8895-4C03-B18C-3134C9C5CDEE}.Debug|Any CPU.ActiveCfg = Debug|Win32
		{31416B75-8895-4C03-B18C-3134C9C5CDEE}.Debug|Mixed Platforms.ActiveCfg = Debug|Win32
		{31416B75-8895-4C03-B18C-3134C9C5CDEE}.Debug|Mixed Platforms.Build.0 = Debug|Win32
		{31416B75-8895-4C03-B18C-3134C9C5CDEE}.Debug|Win32.ActiveCfg = Debug|Win32
		{31416B75-8895-4C03-B18C-3134C9C5CDEE}.Debug|Win32.Build.0 = Debug|Win32
		{31416B75-8895-4C03-B18C-3134C9C5CDEE}.Release|Any CPU.ActiveCfg = Release|Win32
		{31416B75-8895-4C03-B18C-3134C9C5CDEE}.Release|Mixed Platforms.ActiveCfg = Release|Win32
		{31416B75-8895-4C03-B18C-3134C9C5CDEE}.Release|Mixed Platforms.Build.0 = Release|Win32
		{31416B75-8895-4C03-B18C-3134C9C5CDEE}.Release|Win32.ActiveCfg = Release|Win32
		{31416B75-8895-4C03-B18C-3134C9C5CDEE}.Release|Win32.Build.0 = Release|Win32
		{FF54A447-84DE-4BD8-A113-B52D516D6A65}.Debug|Any CPU.ActiveCfg = Debug|Win32
		{FF54A447-84DE-4BD8-A113-B52D516D6A65}.Debug|Mixed Platforms.ActiveCfg = Debug|Win32
		{FF54A447-84DE-4BD8-A113-B52D516D6A65}.Debug|Mixed Platforms.Build.0 = Debug|Win32
		{FF54A447-84DE-4BD8-A113-B52D516D6A65}.Debug|Win32.ActiveCfg = Debug|Win32
		{FF54A447-84DE-4BD8-A113-B52D516D6A65}.Debug|Win32.Build.0 = Debug|Win32
		{FF54A447-84DE-4BD8-A113-B52D516D6A65}.Release|Any CPU.ActiveCfg = Release|Win32
		{FF54A447-84DE-4BD8-A113-B52D516D6A65}.Release|Mixed Platforms.ActiveCfg = Release|Win32
		{FF54A447-84DE-4BD8-A113-B52D516D6A65}.Release|Mixed Platforms.Build.0 = Release|Win32
		{FF54A447-84DE-4BD8-A113-B52D516D6A65}.Release|Win32.ActiveCfg = Release|Win32
		{FF54A447-84DE-4BD8-A113-B52D516D6A65}.Release|Win32.Build.0 = Release|Win32
	EndGlobalSection
	GlobalSection(SolutionProperties) = preSolution
		HideSolutionNode = FALSE
	EndGlobalSection
EndGlobal
